
Microsoft Visual Studio Solution File, Format Version 12.00
# Visual Studio Version 16
VisualStudioVersion = 16.0.29609.76
MinimumVisualStudioVersion = 10.0.40219.1
Project("{FAE04EC0-301F-11D3-BF4B-00C04F79EFBC}") = "WaveRunner", "WaveRunner\WaveRunner.csproj", "{EB7AEBDE-D9CF-4F2B-93C4-FC5D848788F4}"
EndProject
Project("{2150E333-8FDC-42A3-9474-1A3956D46DE8}") = "Solution Items", "Solution Items", "{362E1350-5255-4373-83BE-29B13EC51BB1}"
	ProjectSection(SolutionItems) = preProject
		README.md = README.md
	EndProjectSection
EndProject
Global
	GlobalSection(SolutionConfigurationPlatforms) = preSolution
		Debug|Any CPU = Debug|Any CPU
		Release|Any CPU = Release|Any CPU
	EndGlobalSection
	GlobalSection(ProjectConfigurationPlatforms) = postSolution
		{EB7AEBDE-D9CF-4F2B-93C4-FC5D848788F4}.Debug|Any CPU.ActiveCfg = Debug|Any CPU
		{EB7AEBDE-D9CF-4F2B-93C4-FC5D848788F4}.Debug|Any CPU.Build.0 = Debug|Any CPU
		{EB7AEBDE-D9CF-4F2B-93C4-FC5D848788F4}.Release|Any CPU.ActiveCfg = Release|Any CPU
		{EB7AEBDE-D9CF-4F2B-93C4-FC5D848788F4}.Release|Any CPU.Build.0 = Release|Any CPU
	EndGlobalSection
	GlobalSection(SolutionProperties) = preSolution
		HideSolutionNode = FALSE
	EndGlobalSection
	GlobalSection(ExtensibilityGlobals) = postSolution
		SolutionGuid = {53597654-D439-4906-AF44-E7798133D509}
	EndGlobalSection
EndGlobal
